
Microsoft Visual Studio Solution File, Format Version 12.00
# Visual Studio Version 16
VisualStudioVersion = 16.0.30517.126
MinimumVisualStudioVersion = 10.0.40219.1
Project("{9A19103F-16F7-4668-BE54-9A1E7A4F7556}") = "API", "API.csproj", "{81EBD628-6F18-401A-8F52-C97414828597}"
EndProject
Project("{E24C65DC-7377-472B-9ABA-BC803B73C61A}") = "ClientApp", "..\ClientApp\", "{C909A309-5FAC-4B20-8BD7-5E992C2B842B}"
	ProjectSection(WebsiteProperties) = preProject
		TargetFrameworkMoniker = ".NETFramework,Version%3Dv4.0"
		Debug.AspNetCompiler.VirtualPath = "/localhost_60918"
		Debug.AspNetCompiler.PhysicalPath = "..\ClientApp\"
		Debug.AspNetCompiler.TargetPath = "PrecompiledWeb\localhost_60918\"
		Debug.AspNetCompiler.Updateable = "true"
		Debug.AspNetCompiler.ForceOverwrite = "true"
		Debug.AspNetCompiler.FixedNames = "false"
		Debug.AspNetCompiler.Debug = "True"
		Release.AspNetCompiler.VirtualPath = "/localhost_60918"
		Release.AspNetCompiler.PhysicalPath = "..\ClientApp\"
		Release.AspNetCompiler.TargetPath = "PrecompiledWeb\localhost_60918\"
		Release.AspNetCompiler.Updateable = "true"
		Release.AspNetCompiler.ForceOverwrite = "true"
		Release.AspNetCompiler.FixedNames = "false"
		Release.AspNetCompiler.Debug = "False"
		VWDPort = "60918"
		SlnRelativePath = "..\ClientApp\"
	EndProjectSection
EndProject
Project("{FAE04EC0-301F-11D3-BF4B-00C04F79EFBC}") = "TestAPI", "..\TestAPI\TestAPI.csproj", "{AB843F1B-EA52-4463-BFEE-A9146CA98395}"
EndProject
Global
	GlobalSection(SolutionConfigurationPlatforms) = preSolution
		Debug|Any CPU = Debug|Any CPU
		Release|Any CPU = Release|Any CPU
	EndGlobalSection
	GlobalSection(ProjectConfigurationPlatforms) = postSolution
		{81EBD628-6F18-401A-8F52-C97414828597}.Debug|Any CPU.ActiveCfg = Debug|Any CPU
		{81EBD628-6F18-401A-8F52-C97414828597}.Debug|Any CPU.Build.0 = Debug|Any CPU
		{81EBD628-6F18-401A-8F52-C97414828597}.Release|Any CPU.ActiveCfg = Release|Any CPU
		{81EBD628-6F18-401A-8F52-C97414828597}.Release|Any CPU.Build.0 = Release|Any CPU
		{C909A309-5FAC-4B20-8BD7-5E992C2B842B}.Debug|Any CPU.ActiveCfg = Debug|Any CPU
		{C909A309-5FAC-4B20-8BD7-5E992C2B842B}.Debug|Any CPU.Build.0 = Debug|Any CPU
		{C909A309-5FAC-4B20-8BD7-5E992C2B842B}.Release|Any CPU.ActiveCfg = Debug|Any CPU
		{C909A309-5FAC-4B20-8BD7-5E992C2B842B}.Release|Any CPU.Build.0 = Debug|Any CPU
		{AB843F1B-EA52-4463-BFEE-A9146CA98395}.Debug|Any CPU.ActiveCfg = Debug|Any CPU
		{AB843F1B-EA52-4463-BFEE-A9146CA98395}.Debug|Any CPU.Build.0 = Debug|Any CPU
		{AB843F1B-EA52-4463-BFEE-A9146CA98395}.Release|Any CPU.ActiveCfg = Release|Any CPU
		{AB843F1B-EA52-4463-BFEE-A9146CA98395}.Release|Any CPU.Build.0 = Release|Any CPU
	EndGlobalSection
	GlobalSection(SolutionProperties) = preSolution
		HideSolutionNode = FALSE
	EndGlobalSection
	GlobalSection(ExtensibilityGlobals) = postSolution
		SolutionGuid = {8EB99720-BE64-4FFA-9B5B-255370443179}
	EndGlobalSection
EndGlobal
